
Microsoft Visual Studio Solution File, Format Version 12.00
# Visual Studio Version 17
VisualStudioVersion = 17.11.35327.3
MinimumVisualStudioVersion = 10.0.40219.1
Project("{FAE04EC0-301F-11D3-BF4B-00C04F79EFBC}") = "Biblioteka", "Biblioteka\Biblioteka.csproj", "{C7B066DE-C3E0-4B8C-ADD4-9D3802504B73}"
EndProject
Global
	GlobalSection(SolutionConfigurationPlatforms) = preSolution
		Debug|Any CPU = Debug|Any CPU
		Release|Any CPU = Release|Any CPU
	EndGlobalSection
	GlobalSection(ProjectConfigurationPlatforms) = postSolution
		{C7B066DE-C3E0-4B8C-ADD4-9D3802504B73}.Debug|Any CPU.ActiveCfg = Debug|Any CPU
		{C7B066DE-C3E0-4B8C-ADD4-9D3802504B73}.Debug|Any CPU.Build.0 = Debug|Any CPU
		{C7B066DE-C3E0-4B8C-ADD4-9D3802504B73}.Release|Any CPU.ActiveCfg = Release|Any CPU
		{C7B066DE-C3E0-4B8C-ADD4-9D3802504B73}.Release|Any CPU.Build.0 = Release|Any CPU
	EndGlobalSection
	GlobalSection(SolutionProperties) = preSolution
		HideSolutionNode = FALSE
	EndGlobalSection
	GlobalSection(ExtensibilityGlobals) = postSolution
		SolutionGuid = {67B6A853-76C9-4DE8-8248-66ACBE78BEA3}
	EndGlobalSection
EndGlobal
